
Microsoft Visual Studio Solution File, Format Version 12.00
# Visual Studio Version 17
VisualStudioVersion = 17.8.34525.116
MinimumVisualStudioVersion = 10.0.40219.1
Project("{FAE04EC0-301F-11D3-BF4B-00C04F79EFBC}") = "crud-dotnet-core-api", "crud-dotnet-core-api.csproj", "{EEBDBF9E-276E-4C80-9E33-B6DD6AAFB695}"
EndProject
Global
	GlobalSection(SolutionConfigurationPlatforms) = preSolution
		Debug|Any CPU = Debug|Any CPU
		Release|Any CPU = Release|Any CPU
	EndGlobalSection
	GlobalSection(ProjectConfigurationPlatforms) = postSolution
		{EEBDBF9E-276E-4C80-9E33-B6DD6AAFB695}.Debug|Any CPU.ActiveCfg = Debug|Any CPU
		{EEBDBF9E-276E-4C80-9E33-B6DD6AAFB695}.Debug|Any CPU.Build.0 = Debug|Any CPU
		{EEBDBF9E-276E-4C80-9E33-B6DD6AAFB695}.Release|Any CPU.ActiveCfg = Release|Any CPU
		{EEBDBF9E-276E-4C80-9E33-B6DD6AAFB695}.Release|Any CPU.Build.0 = Release|Any CPU
	EndGlobalSection
	GlobalSection(SolutionProperties) = preSolution
		HideSolutionNode = FALSE
	EndGlobalSection
	GlobalSection(ExtensibilityGlobals) = postSolution
		SolutionGuid = {EFDB5394-89DC-4AB6-A219-B468C2CB8C42}
	EndGlobalSection
EndGlobal
